
Microsoft Visual Studio Solution File, Format Version 12.00
# Visual Studio 15
VisualStudioVersion = 15.0.27428.2015
MinimumVisualStudioVersion = 10.0.40219.1
Project("{FAE04EC0-301F-11D3-BF4B-00C04F79EFBC}") = "MusicPortalConsoleApp", "MusicPortalConsoleApp\MusicPortalConsoleApp.csproj", "{46219296-7BCD-434A-971A-3D2843374B72}"
EndProject
Global
	GlobalSection(SolutionConfigurationPlatforms) = preSolution
		Debug|Any CPU = Debug|Any CPU
		Release|Any CPU = Release|Any CPU
	EndGlobalSection
	GlobalSection(ProjectConfigurationPlatforms) = postSolution
		{46219296-7BCD-434A-971A-3D2843374B72}.Debug|Any CPU.ActiveCfg = Debug|Any CPU
		{46219296-7BCD-434A-971A-3D2843374B72}.Debug|Any CPU.Build.0 = Debug|Any CPU
		{46219296-7BCD-434A-971A-3D2843374B72}.Release|Any CPU.ActiveCfg = Release|Any CPU
		{46219296-7BCD-434A-971A-3D2843374B72}.Release|Any CPU.Build.0 = Release|Any CPU
	EndGlobalSection
	GlobalSection(SolutionProperties) = preSolution
		HideSolutionNode = FALSE
	EndGlobalSection
	GlobalSection(ExtensibilityGlobals) = postSolution
		SolutionGuid = {F55B6A4F-0EE7-4CA8-91D8-246013B15C5A}
	EndGlobalSection
EndGlobal
